
Microsoft Visual Studio Solution File, Format Version 12.00
# Visual Studio 14
VisualStudioVersion = 14.0.25420.1
MinimumVisualStudioVersion = 10.0.40219.1
Project("{2150E333-8FDC-42A3-9474-1A3956D46DE8}") = "0-Presentation", "0-Presentation", "{FACD5933-102C-4A71-9FDB-08366F1C368A}"
EndProject
Project("{2150E333-8FDC-42A3-9474-1A3956D46DE8}") = "1-Services", "1-Services", "{DF53CDFE-EFD3-429F-B1EC-75A20C2B09C7}"
EndProject
Project("{2150E333-8FDC-42A3-9474-1A3956D46DE8}") = "2-Application", "2-Application", "{8CD2A879-2A6E-44E2-B7D0-710867DEF36B}"
EndProject
Project("{2150E333-8FDC-42A3-9474-1A3956D46DE8}") = "3-Domain", "3-Domain", "{48921285-FF39-4BBD-9A7D-562F906FE13B}"
EndProject
Project("{2150E333-8FDC-42A3-9474-1A3956D46DE8}") = "4-Infra", "4-Infra", "{9638E0A6-7AD3-42C9-A17C-CCFBF6D3E866}"
EndProject
Project("{2150E333-8FDC-42A3-9474-1A3956D46DE8}") = "4.1-Data", "4.1-Data", "{1A430E10-4EE6-4E8A-81D6-71B0C8CAAD69}"
EndProject
Project("{2150E333-8FDC-42A3-9474-1A3956D46DE8}") = "4.2-CrossCutting", "4.2-CrossCutting", "{84ED7AD9-4117-421A-AFFB-929B74C8E06B}"
EndProject
Project("{FAE04EC0-301F-11D3-BF4B-00C04F79EFBC}") = "EstudoDDD.MVC", "EstudoDDD.MVC\EstudoDDD.MVC.csproj", "{756736EC-C7A8-4AA7-9A97-6F5B88959829}"
EndProject
Project("{FAE04EC0-301F-11D3-BF4B-00C04F79EFBC}") = "EstudoDDD.Domain", "EstudoDDD.Domain\EstudoDDD.Domain.csproj", "{4FDA8263-F8F0-4DE5-8D86-3E6662E44602}"
EndProject
Project("{FAE04EC0-301F-11D3-BF4B-00C04F79EFBC}") = "EstudoDDD.Infra.Data", "EstudoDDD.Infra.Data\EstudoDDD.Infra.Data.csproj", "{A7E791A9-4665-43B3-B24C-B9D1785A0550}"
EndProject
Project("{FAE04EC0-301F-11D3-BF4B-00C04F79EFBC}") = "EstudoDDD.Application", "EstudoDDD.Application\EstudoDDD.Application.csproj", "{C34FA1BE-9744-4690-B8F6-A2505C786E10}"
EndProject
Global
	GlobalSection(SolutionConfigurationPlatforms) = preSolution
		Debug|Any CPU = Debug|Any CPU
		Release|Any CPU = Release|Any CPU
	EndGlobalSection
	GlobalSection(ProjectConfigurationPlatforms) = postSolution
		{756736EC-C7A8-4AA7-9A97-6F5B88959829}.Debug|Any CPU.ActiveCfg = Debug|Any CPU
		{756736EC-C7A8-4AA7-9A97-6F5B88959829}.Debug|Any CPU.Build.0 = Debug|Any CPU
		{756736EC-C7A8-4AA7-9A97-6F5B88959829}.Release|Any CPU.ActiveCfg = Release|Any CPU
		{756736EC-C7A8-4AA7-9A97-6F5B88959829}.Release|Any CPU.Build.0 = Release|Any CPU
		{4FDA8263-F8F0-4DE5-8D86-3E6662E44602}.Debug|Any CPU.ActiveCfg = Debug|Any CPU
		{4FDA8263-F8F0-4DE5-8D86-3E6662E44602}.Debug|Any CPU.Build.0 = Debug|Any CPU
		{4FDA8263-F8F0-4DE5-8D86-3E6662E44602}.Release|Any CPU.ActiveCfg = Release|Any CPU
		{4FDA8263-F8F0-4DE5-8D86-3E6662E44602}.Release|Any CPU.Build.0 = Release|Any CPU
		{A7E791A9-4665-43B3-B24C-B9D1785A0550}.Debug|Any CPU.ActiveCfg = Debug|Any CPU
		{A7E791A9-4665-43B3-B24C-B9D1785A0550}.Debug|Any CPU.Build.0 = Debug|Any CPU
		{A7E791A9-4665-43B3-B24C-B9D1785A0550}.Release|Any CPU.ActiveCfg = Release|Any CPU
		{A7E791A9-4665-43B3-B24C-B9D1785A0550}.Release|Any CPU.Build.0 = Release|Any CPU
		{C34FA1BE-9744-4690-B8F6-A2505C786E10}.Debug|Any CPU.ActiveCfg = Debug|Any CPU
		{C34FA1BE-9744-4690-B8F6-A2505C786E10}.Debug|Any CPU.Build.0 = Debug|Any CPU
		{C34FA1BE-9744-4690-B8F6-A2505C786E10}.Release|Any CPU.ActiveCfg = Release|Any CPU
		{C34FA1BE-9744-4690-B8F6-A2505C786E10}.Release|Any CPU.Build.0 = Release|Any CPU
	EndGlobalSection
	GlobalSection(SolutionProperties) = preSolution
		HideSolutionNode = FALSE
	EndGlobalSection
	GlobalSection(NestedProjects) = preSolution
		{1A430E10-4EE6-4E8A-81D6-71B0C8CAAD69} = {9638E0A6-7AD3-42C9-A17C-CCFBF6D3E866}
		{84ED7AD9-4117-421A-AFFB-929B74C8E06B} = {9638E0A6-7AD3-42C9-A17C-CCFBF6D3E866}
		{756736EC-C7A8-4AA7-9A97-6F5B88959829} = {FACD5933-102C-4A71-9FDB-08366F1C368A}
		{4FDA8263-F8F0-4DE5-8D86-3E6662E44602} = {48921285-FF39-4BBD-9A7D-562F906FE13B}
		{A7E791A9-4665-43B3-B24C-B9D1785A0550} = {1A430E10-4EE6-4E8A-81D6-71B0C8CAAD69}
		{C34FA1BE-9744-4690-B8F6-A2505C786E10} = {8CD2A879-2A6E-44E2-B7D0-710867DEF36B}
	EndGlobalSection
EndGlobal
